
Microsoft Visual Studio Solution File, Format Version 12.00
# Visual Studio Version 16
VisualStudioVersion = 16.0.31321.278
MinimumVisualStudioVersion = 10.0.40219.1
Project("{FAE04EC0-301F-11D3-BF4B-00C04F79EFBC}") = "LibraryAPI", "LibraryAPI\LibraryAPI.csproj", "{8CAE4EEA-ACCD-43AF-A3F9-3ECC2D5EE312}"
EndProject
Global
	GlobalSection(SolutionConfigurationPlatforms) = preSolution
		Debug|Any CPU = Debug|Any CPU
		Release|Any CPU = Release|Any CPU
	EndGlobalSection
	GlobalSection(ProjectConfigurationPlatforms) = postSolution
		{8CAE4EEA-ACCD-43AF-A3F9-3ECC2D5EE312}.Debug|Any CPU.ActiveCfg = Debug|Any CPU
		{8CAE4EEA-ACCD-43AF-A3F9-3ECC2D5EE312}.Debug|Any CPU.Build.0 = Debug|Any CPU
		{8CAE4EEA-ACCD-43AF-A3F9-3ECC2D5EE312}.Release|Any CPU.ActiveCfg = Release|Any CPU
		{8CAE4EEA-ACCD-43AF-A3F9-3ECC2D5EE312}.Release|Any CPU.Build.0 = Release|Any CPU
	EndGlobalSection
	GlobalSection(SolutionProperties) = preSolution
		HideSolutionNode = FALSE
	EndGlobalSection
	GlobalSection(ExtensibilityGlobals) = postSolution
		SolutionGuid = {E25B1D8C-67BC-488A-9F89-99785031C673}
	EndGlobalSection
EndGlobal
